
Microsoft Visual Studio Solution File, Format Version 12.00
# Visual Studio Version 16
VisualStudioVersion = 16.0.32106.194
MinimumVisualStudioVersion = 10.0.40219.1
Project("{FAE04EC0-301F-11D3-BF4B-00C04F79EFBC}") = "NewsSite", "NewsSite\NewsSite.csproj", "{0C7C2901-2387-4EBD-B1B2-9417A20CBE7F}"
EndProject
Global
	GlobalSection(SolutionConfigurationPlatforms) = preSolution
		Debug|Any CPU = Debug|Any CPU
		Release|Any CPU = Release|Any CPU
	EndGlobalSection
	GlobalSection(ProjectConfigurationPlatforms) = postSolution
		{0C7C2901-2387-4EBD-B1B2-9417A20CBE7F}.Debug|Any CPU.ActiveCfg = Debug|Any CPU
		{0C7C2901-2387-4EBD-B1B2-9417A20CBE7F}.Debug|Any CPU.Build.0 = Debug|Any CPU
		{0C7C2901-2387-4EBD-B1B2-9417A20CBE7F}.Release|Any CPU.ActiveCfg = Release|Any CPU
		{0C7C2901-2387-4EBD-B1B2-9417A20CBE7F}.Release|Any CPU.Build.0 = Release|Any CPU
	EndGlobalSection
	GlobalSection(SolutionProperties) = preSolution
		HideSolutionNode = FALSE
	EndGlobalSection
	GlobalSection(ExtensibilityGlobals) = postSolution
		SolutionGuid = {18F1D9D0-8CD7-4139-98A7-3339E271BB2D}
	EndGlobalSection
EndGlobal
